{
  "originHash" : "13c5ad902a281c511ae0a108dece790970bf074f82df2f7c2b6202af881eeb05",
  "pins" : [
    {
      "identity" : "maplibre-gl-native-distribution",
      "kind" : "remoteSourceControl",
      "location" : "https://github.com/maplibre/maplibre-gl-native-distribution.git",
      "state" : {
        "revision" : "c058a28015c1fcb733edae754b09ee9cb8c1984b",
        "version" : "6.18.0"
      }
    }
  ],
  "version" : 3
}
